// !$*UTF8*$!
{
	archiveVersion = 1;
	classes = {
	};
	objectVersion = 56;
	objects = {

/* Begin PBXBuildFile section */
		A10C79B12ABDDFEF003FFB04 /* AppDelegate.swift in Sources */ = {isa = PBXBuildFile; fileRef = A10C79B02ABDDFEF003FFB04 /* AppDelegate.swift */; };
		A10C79B52ABDDFEF003FFB04 /* LoginViewController.swift in Sources */ = {isa = PBXBuildFile; fileRef = A10C79B42ABDDFEF003FFB04 /* LoginViewController.swift */; };
		A10C79BA2ABDDFF0003FFB04 /* Assets.xcassets in Resources */ = {isa = PBXBuildFile; fileRef = A10C79B92ABDDFF0003FFB04 /* Assets.xcassets */; };
		A10C79BD2ABDDFF0003FFB04 /* LaunchScreen.storyboard in Resources */ = {isa = PBXBuildFile; fileRef = A10C79BB2ABDDFF0003FFB04 /* LaunchScreen.storyboard */; };
		A10C79C72ABDE649003FFB04 /* LoginView.swift in Sources */ = {isa = PBXBuildFile; fileRef = A10C79C62ABDE649003FFB04 /* LoginView.swift */; };
		A10C79C92AC1E9DA003FFB04 /* GradientView.swift in Sources */ = {isa = PBXBuildFile; fileRef = A10C79C82AC1E9DA003FFB04 /* GradientView.swift */; };
		A19CB46B2AC9B35A00E7356F /* OnboardingContainerViewController.swift in Sources */ = {isa = PBXBuildFile; fileRef = A19CB46A2AC9B35A00E7356F /* OnboardingContainerViewController.swift */; };
		A19CB46D2AC9BFC600E7356F /* OnboardingViewController.swift in Sources */ = {isa = PBXBuildFile; fileRef = A19CB46C2AC9BFC600E7356F /* OnboardingViewController.swift */; };
		A19CB46F2ACEBABC00E7356F /* DummyViewController.swift in Sources */ = {isa = PBXBuildFile; fileRef = A19CB46E2ACEBABC00E7356F /* DummyViewController.swift */; };
		A19CB4722ACEE84E00E7356F /* LocalState.swift in Sources */ = {isa = PBXBuildFile; fileRef = A19CB4712ACEE84E00E7356F /* LocalState.swift */; };
		A19CB4742AD020F300E7356F /* UIViewController+Utils.swift in Sources */ = {isa = PBXBuildFile; fileRef = A19CB4732AD020F300E7356F /* UIViewController+Utils.swift */; };
		A19CB4762AD022A200E7356F /* MainViewController.swift in Sources */ = {isa = PBXBuildFile; fileRef = A19CB4752AD022A200E7356F /* MainViewController.swift */; };
		A19CB4792AD0527D00E7356F /* AccountSummaryViewController.swift in Sources */ = {isa = PBXBuildFile; fileRef = A19CB4782AD0527D00E7356F /* AccountSummaryViewController.swift */; };
/* End PBXBuildFile section */

/* Begin PBXFileReference section */
		A10C79AD2ABDDFEF003FFB04 /* Bankey.app */ = {isa = PBXFileReference; explicitFileType = wrapper.application; includeInIndex = 0; path = Bankey.app; sourceTree = BUILT_PRODUCTS_DIR; };
		A10C79B02ABDDFEF003FFB04 /* AppDelegate.swift */ = {isa = PBXFileReference; lastKnownFileType = sourcecode.swift; path = AppDelegate.swift; sourceTree = "<group>"; };
		A10C79B42ABDDFEF003FFB04 /* LoginViewController.swift */ = {isa = PBXFileReference; lastKnownFileType = sourcecode.swift; path = LoginViewController.swift; sourceTree = "<group>"; };
		A10C79B92ABDDFF0003FFB04 /* Assets.xcassets */ = {isa = PBXFileReference; lastKnownFileType = folder.assetcatalog; path = Assets.xcassets; sourceTree = "<group>"; };
		A10C79BC2ABDDFF0003FFB04 /* Base */ = {isa = PBXFileReference; lastKnownFileType = file.storyboard; name = Base; path = Base.lproj/LaunchScreen.storyboard; sourceTree = "<group>"; };
		A10C79BE2ABDDFF0003FFB04 /* Info.plist */ = {isa = PBXFileReference; lastKnownFileType = text.plist.xml; path = Info.plist; sourceTree = "<group>"; };
		A10C79C62ABDE649003FFB04 /* LoginView.swift */ = {isa = PBXFileReference; lastKnownFileType = sourcecode.swift; path = LoginView.swift; sourceTree = "<group>"; };
		A10C79C82AC1E9DA003FFB04 /* GradientView.swift */ = {isa = PBXFileReference; lastKnownFileType = sourcecode.swift; path = GradientView.swift; sourceTree = "<group>"; };
		A19CB46A2AC9B35A00E7356F /* OnboardingContainerViewController.swift */ = {isa = PBXFileReference; lastKnownFileType = sourcecode.swift; path = OnboardingContainerViewController.swift; sourceTree = "<group>"; };
		A19CB46C2AC9BFC600E7356F /* OnboardingViewController.swift */ = {isa = PBXFileReference; lastKnownFileType = sourcecode.swift; path = OnboardingViewController.swift; sourceTree = "<group>"; };
		A19CB46E2ACEBABC00E7356F /* DummyViewController.swift */ = {isa = PBXFileReference; lastKnownFileType = sourcecode.swift; path = DummyViewController.swift; sourceTree = "<group>"; };
		A19CB4712ACEE84E00E7356F /* LocalState.swift */ = {isa = PBXFileReference; lastKnownFileType = sourcecode.swift; path = LocalState.swift; sourceTree = "<group>"; };
		A19CB4732AD020F300E7356F /* UIViewController+Utils.swift */ = {isa = PBXFileReference; lastKnownFileType = sourcecode.swift; path = "UIViewController+Utils.swift"; sourceTree = "<group>"; };
		A19CB4752AD022A200E7356F /* MainViewController.swift */ = {isa = PBXFileReference; lastKnownFileType = sourcecode.swift; path = MainViewController.swift; sourceTree = "<group>"; };
		A19CB4782AD0527D00E7356F /* AccountSummaryViewController.swift */ = {isa = PBXFileReference; lastKnownFileType = sourcecode.swift; path = AccountSummaryViewController.swift; sourceTree = "<group>"; };
/* End PBXFileReference section */

/* Begin PBXFrameworksBuildPhase section */
		A10C79AA2ABDDFEF003FFB04 /* Frameworks */ = {
			isa = PBXFrameworksBuildPhase;
			buildActionMask = 2147483647;
			files = (
			);
			runOnlyForDeploymentPostprocessing = 0;
		};
/* End PBXFrameworksBuildPhase section */

/* Begin PBXGroup section */
		A10C79A42ABDDFEF003FFB04 = {
			isa = PBXGroup;
			children = (
				A10C79AF2ABDDFEF003FFB04 /* Bankey */,
				A10C79AE2ABDDFEF003FFB04 /* Products */,
			);
			sourceTree = "<group>";
		};
		A10C79AE2ABDDFEF003FFB04 /* Products */ = {
			isa = PBXGroup;
			children = (
				A10C79AD2ABDDFEF003FFB04 /* Bankey.app */,
			);
			name = Products;
			sourceTree = "<group>";
		};
		A10C79AF2ABDDFEF003FFB04 /* Bankey */ = {
			isa = PBXGroup;
			children = (
				A10C79B02ABDDFEF003FFB04 /* AppDelegate.swift */,
				A19CB4752AD022A200E7356F /* MainViewController.swift */,
				A10C79C52ABDE61E003FFB04 /* Login */,
				A19CB4692AC9B32600E7356F /* Onboarding */,
				A19CB4772AD051EA00E7356F /* AccountSummary */,
				A19CB4702ACEE82C00E7356F /* Utils */,
				A10C79C42ABDE5A6003FFB04 /* Files */,
			);
			path = Bankey;
			sourceTree = "<group>";
		};
		A10C79C42ABDE5A6003FFB04 /* Files */ = {
			isa = PBXGroup;
			children = (
				A10C79B92ABDDFF0003FFB04 /* Assets.xcassets */,
				A10C79BB2ABDDFF0003FFB04 /* LaunchScreen.storyboard */,
				A10C79BE2ABDDFF0003FFB04 /* Info.plist */,
			);
			name = Files;
			sourceTree = "<group>";
		};
		A10C79C52ABDE61E003FFB04 /* Login */ = {
			isa = PBXGroup;
			children = (
				A10C79B42ABDDFEF003FFB04 /* LoginViewController.swift */,
				A10C79C62ABDE649003FFB04 /* LoginView.swift */,
				A10C79C82AC1E9DA003FFB04 /* GradientView.swift */,
				A19CB46E2ACEBABC00E7356F /* DummyViewController.swift */,
			);
			path = Login;
			sourceTree = "<group>";
		};
		A19CB4692AC9B32600E7356F /* Onboarding */ = {
			isa = PBXGroup;
			children = (
				A19CB46A2AC9B35A00E7356F /* OnboardingContainerViewController.swift */,
				A19CB46C2AC9BFC600E7356F /* OnboardingViewController.swift */,
			);
			path = Onboarding;
			sourceTree = "<group>";
		};
		A19CB4702ACEE82C00E7356F /* Utils */ = {
			isa = PBXGroup;
			children = (
				A19CB4712ACEE84E00E7356F /* LocalState.swift */,
				A19CB4732AD020F300E7356F /* UIViewController+Utils.swift */,
			);
			path = Utils;
			sourceTree = "<group>";
		};
		A19CB4772AD051EA00E7356F /* AccountSummary */ = {
			isa = PBXGroup;
			children = (
				A19CB4782AD0527D00E7356F /* AccountSummaryViewController.swift */,
			);
			path = AccountSummary;
			sourceTree = "<group>";
		};
/* End PBXGroup section */

/* Begin PBXNativeTarget section */
		A10C79AC2ABDDFEF003FFB04 /* Bankey */ = {
			isa = PBXNativeTarget;
			buildConfigurationList = A10C79C12ABDDFF0003FFB04 /* Build configuration list for PBXNativeTarget "Bankey" */;
			buildPhases = (
				A10C79A92ABDDFEF003FFB04 /* Sources */,
				A10C79AA2ABDDFEF003FFB04 /* Frameworks */,
				A10C79AB2ABDDFEF003FFB04 /* Resources */,
			);
			buildRules = (
			);
			dependencies = (
			);
			name = Bankey;
			productName = Bankey;
			productReference = A10C79AD2ABDDFEF003FFB04 /* Bankey.app */;
			productType = "com.apple.product-type.application";
		};
/* End PBXNativeTarget section */

/* Begin PBXProject section */
		A10C79A52ABDDFEF003FFB04 /* Project object */ = {
			isa = PBXProject;
			attributes = {
				BuildIndependentTargetsInParallel = 1;
				LastSwiftUpdateCheck = 1500;
				LastUpgradeCheck = 1500;
				TargetAttributes = {
					A10C79AC2ABDDFEF003FFB04 = {
						CreatedOnToolsVersion = 15.0;
					};
				};
			};
			buildConfigurationList = A10C79A82ABDDFEF003FFB04 /* Build configuration list for PBXProject "Bankey" */;
			compatibilityVersion = "Xcode 14.0";
			developmentRegion = en;
			hasScannedForEncodings = 0;
			knownRegions = (
				en,
				Base,
			);
			mainGroup = A10C79A42ABDDFEF003FFB04;
			productRefGroup = A10C79AE2ABDDFEF003FFB04 /* Products */;
			projectDirPath = "";
			projectRoot = "";
			targets = (
				A10C79AC2ABDDFEF003FFB04 /* Bankey */,
			);
		};
/* End PBXProject section */

/* Begin PBXResourcesBuildPhase section */
		A10C79AB2ABDDFEF003FFB04 /* Resources */ = {
			isa = PBXResourcesBuildPhase;
			buildActionMask = 2147483647;
			files = (
				A10C79BD2ABDDFF0003FFB04 /* LaunchScreen.storyboard in Resources */,
				A10C79BA2ABDDFF0003FFB04 /* Assets.xcassets in Resources */,
			);
			runOnlyForDeploymentPostprocessing = 0;
		};
/* End PBXResourcesBuildPhase section */

/* Begin PBXSourcesBuildPhase section */
		A10C79A92ABDDFEF003FFB04 /* Sources */ = {
			isa = PBXSourcesBuildPhase;
			buildActionMask = 2147483647;
			files = (
				A19CB46F2ACEBABC00E7356F /* DummyViewController.swift in Sources */,
				A10C79C72ABDE649003FFB04 /* LoginView.swift in Sources */,
				A19CB4742AD020F300E7356F /* UIViewController+Utils.swift in Sources */,
				A19CB46D2AC9BFC600E7356F /* OnboardingViewController.swift in Sources */,
				A10C79B52ABDDFEF003FFB04 /* LoginViewController.swift in Sources */,
				A10C79C92AC1E9DA003FFB04 /* GradientView.swift in Sources */,
				A19CB46B2AC9B35A00E7356F /* OnboardingContainerViewController.swift in Sources */,
				A10C79B12ABDDFEF003FFB04 /* AppDelegate.swift in Sources */,
				A19CB4792AD0527D00E7356F /* AccountSummaryViewController.swift in Sources */,
				A19CB4722ACEE84E00E7356F /* LocalState.swift in Sources */,
				A19CB4762AD022A200E7356F /* MainViewController.swift in Sources */,
			);
			runOnlyForDeploymentPostprocessing = 0;
		};
/* End PBXSourcesBuildPhase section */

/* Begin PBXVariantGroup section */
		A10C79BB2ABDDFF0003FFB04 /* LaunchScreen.storyboard */ = {
			isa = PBXVariantGroup;
			children = (
				A10C79BC2ABDDFF0003FFB04 /* Base */,
			);
			name = LaunchScreen.storyboard;
			sourceTree = "<group>";
		};
/* End PBXVariantGroup section */

/* Begin XCBuildConfiguration section */
		A10C79BF2ABDDFF0003FFB04 /* Debug */ = {
			isa = XCBuildConfiguration;
			buildSettings = {
				ALWAYS_SEARCH_USER_PATHS = NO;
				ASSETCATALOG_COMPILER_GENERATE_SWIFT_ASSET_SYMBOL_EXTENSIONS = YES;
				CLANG_ANALYZER_NONNULL = YES;
				CLANG_ANALYZER_NUMBER_OBJECT_CONVERSION = YES_AGGRESSIVE;
				CLANG_CXX_LANGUAGE_STANDARD = "gnu++20";
				CLANG_ENABLE_MODULES = YES;
				CLANG_ENABLE_OBJC_ARC = YES;
				CLANG_ENABLE_OBJC_WEAK = YES;
				CLANG_WARN_BLOCK_CAPTURE_AUTORELEASING = YES;
				CLANG_WARN_BOOL_CONVERSION = YES;
				CLANG_WARN_COMMA = YES;
				CLANG_WARN_CONSTANT_CONVERSION = YES;
				CLANG_WARN_DEPRECATED_OBJC_IMPLEMENTATIONS = YES;
				CLANG_WARN_DIRECT_OBJC_ISA_USAGE = YES_ERROR;
				CLANG_WARN_DOCUMENTATION_COMMENTS = YES;
				CLANG_WARN_EMPTY_BODY = YES;
				CLANG_WARN_ENUM_CONVERSION = YES;
				CLANG_WARN_INFINITE_RECURSION = YES;
				CLANG_WARN_INT_CONVERSION = YES;
				CLANG_WARN_NON_LITERAL_NULL_CONVERSION = YES;
				CLANG_WARN_OBJC_IMPLICIT_RETAIN_SELF = YES;
				CLANG_WARN_OBJC_LITERAL_CONVERSION = YES;
				CLANG_WARN_OBJC_ROOT_CLASS = YES_ERROR;
				CLANG_WARN_QUOTED_INCLUDE_IN_FRAMEWORK_HEADER = YES;
				CLANG_WARN_RANGE_LOOP_ANALYSIS = YES;
				CLANG_WARN_STRICT_PROTOTYPES = YES;
				CLANG_WARN_SUSPICIOUS_MOVE = YES;
				CLANG_WARN_UNGUARDED_AVAILABILITY = YES_AGGRESSIVE;
				CLANG_WARN_UNREACHABLE_CODE = YES;
				CLANG_WARN__DUPLICATE_METHOD_MATCH = YES;
				COPY_PHASE_STRIP = NO;
				DEBUG_INFORMATION_FORMAT = dwarf;
				ENABLE_STRICT_OBJC_MSGSEND = YES;
				ENABLE_TESTABILITY = YES;
				ENABLE_USER_SCRIPT_SANDBOXING = YES;
				GCC_C_LANGUAGE_STANDARD = gnu17;
				GCC_DYNAMIC_NO_PIC = NO;
				GCC_NO_COMMON_BLOCKS = YES;
				GCC_OPTIMIZATION_LEVEL = 0;
				GCC_PREPROCESSOR_DEFINITIONS = (
					"DEBUG=1",
					"$(inherited)",
				);
				GCC_WARN_64_TO_32_BIT_CONVERSION = YES;
				GCC_WARN_ABOUT_RETURN_TYPE = YES_ERROR;
				GCC_WARN_UNDECLARED_SELECTOR = YES;
				GCC_WARN_UNINITIALIZED_AUTOS = YES_AGGRESSIVE;
				GCC_WARN_UNUSED_FUNCTION = YES;
				GCC_WARN_UNUSED_VARIABLE = YES;
				IPHONEOS_DEPLOYMENT_TARGET = 17.0;
				LOCALIZATION_PREFERS_STRING_CATALOGS = YES;
				MTL_ENABLE_DEBUG_INFO = INCLUDE_SOURCE;
				MTL_FAST_MATH = YES;
				ONLY_ACTIVE_ARCH = YES;
				SDKROOT = iphoneos;
				SWIFT_ACTIVE_COMPILATION_CONDITIONS = "DEBUG $(inherited)";
				SWIFT_OPTIMIZATION_LEVEL = "-Onone";
			};
			name = Debug;
		};
		A10C79C02ABDDFF0003FFB04 /* Release */ = {
			isa = XCBuildConfiguration;
			buildSettings = {
				ALWAYS_SEARCH_USER_PATHS = NO;
				ASSETCATALOG_COMPILER_GENERATE_SWIFT_ASSET_SYMBOL_EXTENSIONS = YES;
				CLANG_ANALYZER_NONNULL = YES;
				CLANG_ANALYZER_NUMBER_OBJECT_CONVERSION = YES_AGGRESSIVE;
				CLANG_CXX_LANGUAGE_STANDARD = "gnu++20";
				CLANG_ENABLE_MODULES = YES;
				CLANG_ENABLE_OBJC_ARC = YES;
				CLANG_ENABLE_OBJC_WEAK = YES;
				CLANG_WARN_BLOCK_CAPTURE_AUTORELEASING = YES;
				CLANG_WARN_BOOL_CONVERSION = YES;
				CLANG_WARN_COMMA = YES;
				CLANG_WARN_CONSTANT_CONVERSION = YES;
				CLANG_WARN_DEPRECATED_OBJC_IMPLEMENTATIONS = YES;
				CLANG_WARN_DIRECT_OBJC_ISA_USAGE = YES_ERROR;
				CLANG_WARN_DOCUMENTATION_COMMENTS = YES;
				CLANG_WARN_EMPTY_BODY = YES;
				CLANG_WARN_ENUM_CONVERSION = YES;
				CLANG_WARN_INFINITE_RECURSION = YES;
				CLANG_WARN_INT_CONVERSION = YES;
				CLANG_WARN_NON_LITERAL_NULL_CONVERSION = YES;
				CLANG_WARN_OBJC_IMPLICIT_RETAIN_SELF = YES;
				CLANG_WARN_OBJC_LITERAL_CONVERSION = YES;
				CLANG_WARN_OBJC_ROOT_CLASS = YES_ERROR;
				CLANG_WARN_QUOTED_INCLUDE_IN_FRAMEWORK_HEADER = YES;
				CLANG_WARN_RANGE_LOOP_ANALYSIS = YES;
				CLANG_WARN_STRICT_PROTOTYPES = YES;
				CLANG_WARN_SUSPICIOUS_MOVE = YES;
				CLANG_WARN_UNGUARDED_AVAILABILITY = YES_AGGRESSIVE;
				CLANG_WARN_UNREACHABLE_CODE = YES;
				CLANG_WARN__DUPLICATE_METHOD_MATCH = YES;
				COPY_PHASE_STRIP = NO;
				DEBUG_INFORMATION_FORMAT = "dwarf-with-dsym";
				ENABLE_NS_ASSERTIONS = NO;
				ENABLE_STRICT_OBJC_MSGSEND = YES;
				ENABLE_USER_SCRIPT_SANDBOXING = YES;
				GCC_C_LANGUAGE_STANDARD = gnu17;
				GCC_NO_COMMON_BLOCKS = YES;
				GCC_WARN_64_TO_32_BIT_CONVERSION = YES;
				GCC_WARN_ABOUT_RETURN_TYPE = YES_ERROR;
				GCC_WARN_UNDECLARED_SELECTOR = YES;
				GCC_WARN_UNINITIALIZED_AUTOS = YES_AGGRESSIVE;
				GCC_WARN_UNUSED_FUNCTION = YES;
				GCC_WARN_UNUSED_VARIABLE = YES;
				IPHONEOS_DEPLOYMENT_TARGET = 17.0;
				LOCALIZATION_PREFERS_STRING_CATALOGS = YES;
				MTL_ENABLE_DEBUG_INFO = NO;
				MTL_FAST_MATH = YES;
				SDKROOT = iphoneos;
				SWIFT_COMPILATION_MODE = wholemodule;
				VALIDATE_PRODUCT = YES;
			};
			name = Release;
		};
		A10C79C22ABDDFF0003FFB04 /* Debug */ = {
			isa = XCBuildConfiguration;
			buildSettings = {
				ASSETCATALOG_COMPILER_APPICON_NAME = AppIcon;
				ASSETCATALOG_COMPILER_GLOBAL_ACCENT_COLOR_NAME = AccentColor;
				CODE_SIGN_IDENTITY = "Apple Development";
				CODE_SIGN_STYLE = Automatic;
				CURRENT_PROJECT_VERSION = 1;
				DEVELOPMENT_TEAM = "";
				GENERATE_INFOPLIST_FILE = YES;
				INFOPLIST_FILE = Bankey/Info.plist;
				INFOPLIST_KEY_UIApplicationSupportsIndirectInputEvents = YES;
				INFOPLIST_KEY_UILaunchStoryboardName = LaunchScreen;
				INFOPLIST_KEY_UISupportedInterfaceOrientations_iPad = "UIInterfaceOrientationPortrait UIInterfaceOrientationPortraitUpsideDown UIInterfaceOrientationLandscapeLeft UIInterfaceOrientationLandscapeRight";
				INFOPLIST_KEY_UISupportedInterfaceOrientations_iPhone = "UIInterfaceOrientationPortrait UIInterfaceOrientationLandscapeLeft UIInterfaceOrientationLandscapeRight";
				LD_RUNPATH_SEARCH_PATHS = (
					"$(inherited)",
					"@executable_path/Frameworks",
				);
				MARKETING_VERSION = 1.0;
				PRODUCT_BUNDLE_IDENTIFIER = me.RyanGallagher.Bankey;
				PRODUCT_NAME = "$(TARGET_NAME)";
				PROVISIONING_PROFILE_SPECIFIER = "";
				SWIFT_EMIT_LOC_STRINGS = YES;
				SWIFT_VERSION = 5.0;
				TARGETED_DEVICE_FAMILY = "1,2";
			};
			name = Debug;
		};
		A10C79C32ABDDFF0003FFB04 /* Release */ = {
			isa = XCBuildConfiguration;
			buildSettings = {
				ASSETCATALOG_COMPILER_APPICON_NAME = AppIcon;
				ASSETCATALOG_COMPILER_GLOBAL_ACCENT_COLOR_NAME = AccentColor;
				CODE_SIGN_IDENTITY = "Apple Development";
				CODE_SIGN_STYLE = Automatic;
				CURRENT_PROJECT_VERSION = 1;
				DEVELOPMENT_TEAM = "";
				GENERATE_INFOPLIST_FILE = YES;
				INFOPLIST_FILE = Bankey/Info.plist;
				INFOPLIST_KEY_UIApplicationSupportsIndirectInputEvents = YES;
				INFOPLIST_KEY_UILaunchStoryboardName = LaunchScreen;
				INFOPLIST_KEY_UISupportedInterfaceOrientations_iPad = "UIInterfaceOrientationPortrait UIInterfaceOrientationPortraitUpsideDown UIInterfaceOrientationLandscapeLeft UIInterfaceOrientationLandscapeRight";
				INFOPLIST_KEY_UISupportedInterfaceOrientations_iPhone = "UIInterfaceOrientationPortrait UIInterfaceOrientationLandscapeLeft UIInterfaceOrientationLandscapeRight";
				LD_RUNPATH_SEARCH_PATHS = (
					"$(inherited)",
					"@executable_path/Frameworks",
				);
				MARKETING_VERSION = 1.0;
				PRODUCT_BUNDLE_IDENTIFIER = me.RyanGallagher.Bankey;
				PRODUCT_NAME = "$(TARGET_NAME)";
				PROVISIONING_PROFILE_SPECIFIER = "";
				SWIFT_EMIT_LOC_STRINGS = YES;
				SWIFT_VERSION = 5.0;
				TARGETED_DEVICE_FAMILY = "1,2";
			};
			name = Release;
		};
/* End XCBuildConfiguration section */

/* Begin XCConfigurationList section */
		A10C79A82ABDDFEF003FFB04 /* Build configuration list for PBXProject "Bankey" */ = {
			isa = XCConfigurationList;
			buildConfigurations = (
				A10C79BF2ABDDFF0003FFB04 /* Debug */,
				A10C79C02ABDDFF0003FFB04 /* Release */,
			);
			defaultConfigurationIsVisible = 0;
			defaultConfigurationName = Release;
		};
		A10C79C12ABDDFF0003FFB04 /* Build configuration list for PBXNativeTarget "Bankey" */ = {
			isa = XCConfigurationList;
			buildConfigurations = (
				A10C79C22ABDDFF0003FFB04 /* Debug */,
				A10C79C32ABDDFF0003FFB04 /* Release */,
			);
			defaultConfigurationIsVisible = 0;
			defaultConfigurationName = Release;
		};
/* End XCConfigurationList section */
	};
	rootObject = A10C79A52ABDDFEF003FFB04 /* Project object */;
}
